// !$*UTF8*$!
{
	archiveVersion = 1;
	classes = {
	};
	objectVersion = 46;
	objects = {

/* Begin PBXBuildFile section */
		6815EF111CF52ABB004CE78C /* SearchingVoteViewController.swift in Sources */ = {isa = PBXBuildFile; fileRef = 6815EF101CF52ABB004CE78C /* SearchingVoteViewController.swift */; };
		682BD4E01CF28C8900F84E58 /* CreateVoteViewController.swift in Sources */ = {isa = PBXBuildFile; fileRef = 682BD4DF1CF28C8900F84E58 /* CreateVoteViewController.swift */; };
		682BD4EA1CF28D2800F84E58 /* TPKeyboardAvoidingCollectionView.m in Sources */ = {isa = PBXBuildFile; fileRef = 682BD4E31CF28D2800F84E58 /* TPKeyboardAvoidingCollectionView.m */; };
		682BD4EB1CF28D2800F84E58 /* TPKeyboardAvoidingScrollView.m in Sources */ = {isa = PBXBuildFile; fileRef = 682BD4E51CF28D2800F84E58 /* TPKeyboardAvoidingScrollView.m */; };
		682BD4EC1CF28D2800F84E58 /* TPKeyboardAvoidingTableView.m in Sources */ = {isa = PBXBuildFile; fileRef = 682BD4E71CF28D2800F84E58 /* TPKeyboardAvoidingTableView.m */; };
		682BD4ED1CF28D2800F84E58 /* UIScrollView+TPKeyboardAvoidingAdditions.m in Sources */ = {isa = PBXBuildFile; fileRef = 682BD4E91CF28D2800F84E58 /* UIScrollView+TPKeyboardAvoidingAdditions.m */; };
		682BD4FC1CF29DE000F84E58 /* ReceiptViewController.swift in Sources */ = {isa = PBXBuildFile; fileRef = 682BD4FB1CF29DE000F84E58 /* ReceiptViewController.swift */; };
		684C4FBC1CEE4CC70026BF99 /* LaunchScreen.storyboard in Resources */ = {isa = PBXBuildFile; fileRef = 684C4FBB1CEE4CC70026BF99 /* LaunchScreen.storyboard */; };
		AB3BBC011CF7BF8E00A2B2D2 /* VoteResultViewController.swift in Sources */ = {isa = PBXBuildFile; fileRef = AB3BBC001CF7BF8E00A2B2D2 /* VoteResultViewController.swift */; };
		AB78AA2A1CD958F10048677C /* AsyncButton.swift in Sources */ = {isa = PBXBuildFile; fileRef = AB78AA0C1CD958F10048677C /* AsyncButton.swift */; };
		AB78AA2B1CD958F10048677C /* AsyncImageView.swift in Sources */ = {isa = PBXBuildFile; fileRef = AB78AA0D1CD958F10048677C /* AsyncImageView.swift */; };
		AB78AA2C1CD958F10048677C /* AutoTextView.swift in Sources */ = {isa = PBXBuildFile; fileRef = AB78AA0E1CD958F10048677C /* AutoTextView.swift */; };
		AB78AA2D1CD958F10048677C /* BlurView.swift in Sources */ = {isa = PBXBuildFile; fileRef = AB78AA0F1CD958F10048677C /* BlurView.swift */; };
		AB78AA2E1CD958F10048677C /* DesignableButton.swift in Sources */ = {isa = PBXBuildFile; fileRef = AB78AA101CD958F10048677C /* DesignableButton.swift */; };
		AB78AA2F1CD958F10048677C /* DesignableImageView.swift in Sources */ = {isa = PBXBuildFile; fileRef = AB78AA111CD958F10048677C /* DesignableImageView.swift */; };
		AB78AA301CD958F10048677C /* DesignableLabel.swift in Sources */ = {isa = PBXBuildFile; fileRef = AB78AA121CD958F10048677C /* DesignableLabel.swift */; };
		AB78AA311CD958F10048677C /* DesignableTabBarController.swift in Sources */ = {isa = PBXBuildFile; fileRef = AB78AA131CD958F10048677C /* DesignableTabBarController.swift */; };
		AB78AA321CD958F10048677C /* DesignableTextField.swift in Sources */ = {isa = PBXBuildFile; fileRef = AB78AA141CD958F10048677C /* DesignableTextField.swift */; };
		AB78AA331CD958F10048677C /* DesignableTextView.swift in Sources */ = {isa = PBXBuildFile; fileRef = AB78AA151CD958F10048677C /* DesignableTextView.swift */; };
		AB78AA341CD958F10048677C /* DesignableView.swift in Sources */ = {isa = PBXBuildFile; fileRef = AB78AA161CD958F10048677C /* DesignableView.swift */; };
		AB78AA351CD958F10048677C /* ImageLoader.swift in Sources */ = {isa = PBXBuildFile; fileRef = AB78AA171CD958F10048677C /* ImageLoader.swift */; };
		AB78AA361CD958F10048677C /* Info.plist in Resources */ = {isa = PBXBuildFile; fileRef = AB78AA181CD958F10048677C /* Info.plist */; };
		AB78AA371CD958F10048677C /* KeyboardLayoutConstraint.swift in Sources */ = {isa = PBXBuildFile; fileRef = AB78AA191CD958F10048677C /* KeyboardLayoutConstraint.swift */; };
		AB78AA381CD958F10048677C /* LoadingView.swift in Sources */ = {isa = PBXBuildFile; fileRef = AB78AA1A1CD958F10048677C /* LoadingView.swift */; };
		AB78AA391CD958F10048677C /* LoadingView.xib in Resources */ = {isa = PBXBuildFile; fileRef = AB78AA1B1CD958F10048677C /* LoadingView.xib */; };
		AB78AA3A1CD958F10048677C /* Misc.swift in Sources */ = {isa = PBXBuildFile; fileRef = AB78AA1C1CD958F10048677C /* Misc.swift */; };
		AB78AA3B1CD958F10048677C /* SoundPlayer.swift in Sources */ = {isa = PBXBuildFile; fileRef = AB78AA1D1CD958F10048677C /* SoundPlayer.swift */; };
		AB78AA3C1CD958F10048677C /* Spring.swift in Sources */ = {isa = PBXBuildFile; fileRef = AB78AA1F1CD958F10048677C /* Spring.swift */; };
		AB78AA3D1CD958F10048677C /* SpringAnimation.swift in Sources */ = {isa = PBXBuildFile; fileRef = AB78AA201CD958F10048677C /* SpringAnimation.swift */; };
		AB78AA3E1CD958F10048677C /* SpringButton.swift in Sources */ = {isa = PBXBuildFile; fileRef = AB78AA211CD958F10048677C /* SpringButton.swift */; };
		AB78AA3F1CD958F10048677C /* SpringImageView.swift in Sources */ = {isa = PBXBuildFile; fileRef = AB78AA221CD958F10048677C /* SpringImageView.swift */; };
		AB78AA401CD958F10048677C /* SpringLabel.swift in Sources */ = {isa = PBXBuildFile; fileRef = AB78AA231CD958F10048677C /* SpringLabel.swift */; };
		AB78AA411CD958F10048677C /* SpringTextField.swift in Sources */ = {isa = PBXBuildFile; fileRef = AB78AA241CD958F10048677C /* SpringTextField.swift */; };
		AB78AA421CD958F10048677C /* SpringTextView.swift in Sources */ = {isa = PBXBuildFile; fileRef = AB78AA251CD958F10048677C /* SpringTextView.swift */; };
		AB78AA431CD958F10048677C /* SpringView.swift in Sources */ = {isa = PBXBuildFile; fileRef = AB78AA261CD958F10048677C /* SpringView.swift */; };
		AB78AA441CD958F10048677C /* TransitionManager.swift in Sources */ = {isa = PBXBuildFile; fileRef = AB78AA271CD958F10048677C /* TransitionManager.swift */; };
		AB78AA451CD958F10048677C /* TransitionZoom.swift in Sources */ = {isa = PBXBuildFile; fileRef = AB78AA281CD958F10048677C /* TransitionZoom.swift */; };
		AB78AA461CD958F10048677C /* UnwindSegue.swift in Sources */ = {isa = PBXBuildFile; fileRef = AB78AA291CD958F10048677C /* UnwindSegue.swift */; };
		AB94E42E1CF57096006A9A01 /* SubmitOptionViewController.swift in Sources */ = {isa = PBXBuildFile; fileRef = AB94E42D1CF57096006A9A01 /* SubmitOptionViewController.swift */; };
		AB94E4301CF5713D006A9A01 /* Definitions.swift in Sources */ = {isa = PBXBuildFile; fileRef = AB94E42F1CF5713D006A9A01 /* Definitions.swift */; };
		ABC8C9761CC97E25000B94D0 /* AppDelegate.swift in Sources */ = {isa = PBXBuildFile; fileRef = ABC8C9751CC97E25000B94D0 /* AppDelegate.swift */; };
		ABC8C9781CC97E25000B94D0 /* ViewController.swift in Sources */ = {isa = PBXBuildFile; fileRef = ABC8C9771CC97E25000B94D0 /* ViewController.swift */; };
		ABC8C97B1CC97E25000B94D0 /* Main.storyboard in Resources */ = {isa = PBXBuildFile; fileRef = ABC8C9791CC97E25000B94D0 /* Main.storyboard */; };
		ABC8C97D1CC97E25000B94D0 /* Assets.xcassets in Resources */ = {isa = PBXBuildFile; fileRef = ABC8C97C1CC97E25000B94D0 /* Assets.xcassets */; };
		ABC8C98B1CC97E25000B94D0 /* ClickerTests.swift in Sources */ = {isa = PBXBuildFile; fileRef = ABC8C98A1CC97E25000B94D0 /* ClickerTests.swift */; };
		ABC8C9961CC97E25000B94D0 /* ClickerUITests.swift in Sources */ = {isa = PBXBuildFile; fileRef = ABC8C9951CC97E25000B94D0 /* ClickerUITests.swift */; };
/* End PBXBuildFile section */

/* Begin PBXContainerItemProxy section */
		ABC8C9871CC97E25000B94D0 /* PBXContainerItemProxy */ = {
			isa = PBXContainerItemProxy;
			containerPortal = ABC8C96A1CC97E25000B94D0 /* Project object */;
			proxyType = 1;
			remoteGlobalIDString = ABC8C9711CC97E25000B94D0;
			remoteInfo = Clicker;
		};
		ABC8C9921CC97E25000B94D0 /* PBXContainerItemProxy */ = {
			isa = PBXContainerItemProxy;
			containerPortal = ABC8C96A1CC97E25000B94D0 /* Project object */;
			proxyType = 1;
			remoteGlobalIDString = ABC8C9711CC97E25000B94D0;
			remoteInfo = Clicker;
		};
/* End PBXContainerItemProxy section */

/* Begin PBXFileReference section */
		6815EF101CF52ABB004CE78C /* SearchingVoteViewController.swift */ = {isa = PBXFileReference; fileEncoding = 4; lastKnownFileType = sourcecode.swift; path = SearchingVoteViewController.swift; sourceTree = "<group>"; };
		682BD4DF1CF28C8900F84E58 /* CreateVoteViewController.swift */ = {isa = PBXFileReference; fileEncoding = 4; lastKnownFileType = sourcecode.swift; path = CreateVoteViewController.swift; sourceTree = "<group>"; };
		682BD4E21CF28D2800F84E58 /* TPKeyboardAvoidingCollectionView.h */ = {isa = PBXFileReference; fileEncoding = 4; lastKnownFileType = sourcecode.c.h; path = TPKeyboardAvoidingCollectionView.h; sourceTree = "<group>"; };
		682BD4E31CF28D2800F84E58 /* TPKeyboardAvoidingCollectionView.m */ = {isa = PBXFileReference; fileEncoding = 4; lastKnownFileType = sourcecode.c.objc; path = TPKeyboardAvoidingCollectionView.m; sourceTree = "<group>"; };
		682BD4E41CF28D2800F84E58 /* TPKeyboardAvoidingScrollView.h */ = {isa = PBXFileReference; fileEncoding = 4; lastKnownFileType = sourcecode.c.h; path = TPKeyboardAvoidingScrollView.h; sourceTree = "<group>"; };
		682BD4E51CF28D2800F84E58 /* TPKeyboardAvoidingScrollView.m */ = {isa = PBXFileReference; fileEncoding = 4; lastKnownFileType = sourcecode.c.objc; path = TPKeyboardAvoidingScrollView.m; sourceTree = "<group>"; };
		682BD4E61CF28D2800F84E58 /* TPKeyboardAvoidingTableView.h */ = {isa = PBXFileReference; fileEncoding = 4; lastKnownFileType = sourcecode.c.h; path = TPKeyboardAvoidingTableView.h; sourceTree = "<group>"; };
		682BD4E71CF28D2800F84E58 /* TPKeyboardAvoidingTableView.m */ = {isa = PBXFileReference; fileEncoding = 4; lastKnownFileType = sourcecode.c.objc; path = TPKeyboardAvoidingTableView.m; sourceTree = "<group>"; };
		682BD4E81CF28D2800F84E58 /* UIScrollView+TPKeyboardAvoidingAdditions.h */ = {isa = PBXFileReference; fileEncoding = 4; lastKnownFileType = sourcecode.c.h; path = "UIScrollView+TPKeyboardAvoidingAdditions.h"; sourceTree = "<group>"; };
		682BD4E91CF28D2800F84E58 /* UIScrollView+TPKeyboardAvoidingAdditions.m */ = {isa = PBXFileReference; fileEncoding = 4; lastKnownFileType = sourcecode.c.objc; path = "UIScrollView+TPKeyboardAvoidingAdditions.m"; sourceTree = "<group>"; };
		682BD4FB1CF29DE000F84E58 /* ReceiptViewController.swift */ = {isa = PBXFileReference; fileEncoding = 4; lastKnownFileType = sourcecode.swift; path = ReceiptViewController.swift; sourceTree = "<group>"; };
		684C4FBB1CEE4CC70026BF99 /* LaunchScreen.storyboard */ = {isa = PBXFileReference; fileEncoding = 4; lastKnownFileType = file.storyboard; path = LaunchScreen.storyboard; sourceTree = "<group>"; };
		AB3BBC001CF7BF8E00A2B2D2 /* VoteResultViewController.swift */ = {isa = PBXFileReference; fileEncoding = 4; lastKnownFileType = sourcecode.swift; path = VoteResultViewController.swift; sourceTree = "<group>"; };
		AB78AA0C1CD958F10048677C /* AsyncButton.swift */ = {isa = PBXFileReference; fileEncoding = 4; lastKnownFileType = sourcecode.swift; path = AsyncButton.swift; sourceTree = "<group>"; };
		AB78AA0D1CD958F10048677C /* AsyncImageView.swift */ = {isa = PBXFileReference; fileEncoding = 4; lastKnownFileType = sourcecode.swift; path = AsyncImageView.swift; sourceTree = "<group>"; };
		AB78AA0E1CD958F10048677C /* AutoTextView.swift */ = {isa = PBXFileReference; fileEncoding = 4; lastKnownFileType = sourcecode.swift; path = AutoTextView.swift; sourceTree = "<group>"; };
		AB78AA0F1CD958F10048677C /* BlurView.swift */ = {isa = PBXFileReference; fileEncoding = 4; lastKnownFileType = sourcecode.swift; path = BlurView.swift; sourceTree = "<group>"; };
		AB78AA101CD958F10048677C /* DesignableButton.swift */ = {isa = PBXFileReference; fileEncoding = 4; lastKnownFileType = sourcecode.swift; path = DesignableButton.swift; sourceTree = "<group>"; };
		AB78AA111CD958F10048677C /* DesignableImageView.swift */ = {isa = PBXFileReference; fileEncoding = 4; lastKnownFileType = sourcecode.swift; path = DesignableImageView.swift; sourceTree = "<group>"; };
		AB78AA121CD958F10048677C /* DesignableLabel.swift */ = {isa = PBXFileReference; fileEncoding = 4; lastKnownFileType = sourcecode.swift; path = DesignableLabel.swift; sourceTree = "<group>"; };
		AB78AA131CD958F10048677C /* DesignableTabBarController.swift */ = {isa = PBXFileReference; fileEncoding = 4; lastKnownFileType = sourcecode.swift; path = DesignableTabBarController.swift; sourceTree = "<group>"; };
		AB78AA141CD958F10048677C /* DesignableTextField.swift */ = {isa = PBXFileReference; fileEncoding = 4; lastKnownFileType = sourcecode.swift; path = DesignableTextField.swift; sourceTree = "<group>"; };
		AB78AA151CD958F10048677C /* DesignableTextView.swift */ = {isa = PBXFileReference; fileEncoding = 4; lastKnownFileType = sourcecode.swift; path = DesignableTextView.swift; sourceTree = "<group>"; };
		AB78AA161CD958F10048677C /* DesignableView.swift */ = {isa = PBXFileReference; fileEncoding = 4; lastKnownFileType = sourcecode.swift; path = DesignableView.swift; sourceTree = "<group>"; };
		AB78AA171CD958F10048677C /* ImageLoader.swift */ = {isa = PBXFileReference; fileEncoding = 4; lastKnownFileType = sourcecode.swift; path = ImageLoader.swift; sourceTree = "<group>"; };
		AB78AA181CD958F10048677C /* Info.plist */ = {isa = PBXFileReference; fileEncoding = 4; lastKnownFileType = text.plist.xml; path = Info.plist; sourceTree = "<group>"; };
		AB78AA191CD958F10048677C /* KeyboardLayoutConstraint.swift */ = {isa = PBXFileReference; fileEncoding = 4; lastKnownFileType = sourcecode.swift; path = KeyboardLayoutConstraint.swift; sourceTree = "<group>"; };
		AB78AA1A1CD958F10048677C /* LoadingView.swift */ = {isa = PBXFileReference; fileEncoding = 4; lastKnownFileType = sourcecode.swift; path = LoadingView.swift; sourceTree = "<group>"; };
		AB78AA1B1CD958F10048677C /* LoadingView.xib */ = {isa = PBXFileReference; fileEncoding = 4; lastKnownFileType = file.xib; path = LoadingView.xib; sourceTree = "<group>"; };
		AB78AA1C1CD958F10048677C /* Misc.swift */ = {isa = PBXFileReference; fileEncoding = 4; lastKnownFileType = sourcecode.swift; path = Misc.swift; sourceTree = "<group>"; };
		AB78AA1D1CD958F10048677C /* SoundPlayer.swift */ = {isa = PBXFileReference; fileEncoding = 4; lastKnownFileType = sourcecode.swift; path = SoundPlayer.swift; sourceTree = "<group>"; };
		AB78AA1E1CD958F10048677C /* Spring.h */ = {isa = PBXFileReference; fileEncoding = 4; lastKnownFileType = sourcecode.c.h; path = Spring.h; sourceTree = "<group>"; };
		AB78AA1F1CD958F10048677C /* Spring.swift */ = {isa = PBXFileReference; fileEncoding = 4; lastKnownFileType = sourcecode.swift; path = Spring.swift; sourceTree = "<group>"; };
		AB78AA201CD958F10048677C /* SpringAnimation.swift */ = {isa = PBXFileReference; fileEncoding = 4; lastKnownFileType = sourcecode.swift; path = SpringAnimation.swift; sourceTree = "<group>"; };
		AB78AA211CD958F10048677C /* SpringButton.swift */ = {isa = PBXFileReference; fileEncoding = 4; lastKnownFileType = sourcecode.swift; path = SpringButton.swift; sourceTree = "<group>"; };
		AB78AA221CD958F10048677C /* SpringImageView.swift */ = {isa = PBXFileReference; fileEncoding = 4; lastKnownFileType = sourcecode.swift; path = SpringImageView.swift; sourceTree = "<group>"; };
		AB78AA231CD958F10048677C /* SpringLabel.swift */ = {isa = PBXFileReference; fileEncoding = 4; lastKnownFileType = sourcecode.swift; path = SpringLabel.swift; sourceTree = "<group>"; };
		AB78AA241CD958F10048677C /* SpringTextField.swift */ = {isa = PBXFileReference; fileEncoding = 4; lastKnownFileType = sourcecode.swift; path = SpringTextField.swift; sourceTree = "<group>"; };
		AB78AA251CD958F10048677C /* SpringTextView.swift */ = {isa = PBXFileReference; fileEncoding = 4; lastKnownFileType = sourcecode.swift; path = SpringTextView.swift; sourceTree = "<group>"; };
		AB78AA261CD958F10048677C /* SpringView.swift */ = {isa = PBXFileReference; fileEncoding = 4; lastKnownFileType = sourcecode.swift; path = SpringView.swift; sourceTree = "<group>"; };
		AB78AA271CD958F10048677C /* TransitionManager.swift */ = {isa = PBXFileReference; fileEncoding = 4; lastKnownFileType = sourcecode.swift; path = TransitionManager.swift; sourceTree = "<group>"; };
		AB78AA281CD958F10048677C /* TransitionZoom.swift */ = {isa = PBXFileReference; fileEncoding = 4; lastKnownFileType = sourcecode.swift; path = TransitionZoom.swift; sourceTree = "<group>"; };
		AB78AA291CD958F10048677C /* UnwindSegue.swift */ = {isa = PBXFileReference; fileEncoding = 4; lastKnownFileType = sourcecode.swift; path = UnwindSegue.swift; sourceTree = "<group>"; };
		AB94E42D1CF57096006A9A01 /* SubmitOptionViewController.swift */ = {isa = PBXFileReference; fileEncoding = 4; lastKnownFileType = sourcecode.swift; path = SubmitOptionViewController.swift; sourceTree = "<group>"; };
		AB94E42F1CF5713D006A9A01 /* Definitions.swift */ = {isa = PBXFileReference; fileEncoding = 4; lastKnownFileType = sourcecode.swift; path = Definitions.swift; sourceTree = "<group>"; };
		ABC8C9721CC97E25000B94D0 /* iVote.app */ = {isa = PBXFileReference; explicitFileType = wrapper.application; includeInIndex = 0; path = iVote.app; sourceTree = BUILT_PRODUCTS_DIR; };
		ABC8C9751CC97E25000B94D0 /* AppDelegate.swift */ = {isa = PBXFileReference; lastKnownFileType = sourcecode.swift; path = AppDelegate.swift; sourceTree = "<group>"; };
		ABC8C9771CC97E25000B94D0 /* ViewController.swift */ = {isa = PBXFileReference; lastKnownFileType = sourcecode.swift; path = ViewController.swift; sourceTree = "<group>"; };
		ABC8C97A1CC97E25000B94D0 /* Base */ = {isa = PBXFileReference; lastKnownFileType = file.storyboard; name = Base; path = Base.lproj/Main.storyboard; sourceTree = "<group>"; };
		ABC8C97C1CC97E25000B94D0 /* Assets.xcassets */ = {isa = PBXFileReference; lastKnownFileType = folder.assetcatalog; path = Assets.xcassets; sourceTree = "<group>"; };
		ABC8C9811CC97E25000B94D0 /* Info.plist */ = {isa = PBXFileReference; lastKnownFileType = text.plist.xml; path = Info.plist; sourceTree = "<group>"; };
		ABC8C9861CC97E25000B94D0 /* iVote.xctest */ = {isa = PBXFileReference; explicitFileType = wrapper.cfbundle; includeInIndex = 0; path = iVote.xctest; sourceTree = BUILT_PRODUCTS_DIR; };
		ABC8C98A1CC97E25000B94D0 /* ClickerTests.swift */ = {isa = PBXFileReference; lastKnownFileType = sourcecode.swift; path = ClickerTests.swift; sourceTree = "<group>"; };
		ABC8C98C1CC97E25000B94D0 /* Info.plist */ = {isa = PBXFileReference; lastKnownFileType = text.plist.xml; path = Info.plist; sourceTree = "<group>"; };
		ABC8C9911CC97E25000B94D0 /* iVote.xctest */ = {isa = PBXFileReference; explicitFileType = wrapper.cfbundle; includeInIndex = 0; path = iVote.xctest; sourceTree = BUILT_PRODUCTS_DIR; };
		ABC8C9951CC97E25000B94D0 /* ClickerUITests.swift */ = {isa = PBXFileReference; lastKnownFileType = sourcecode.swift; path = ClickerUITests.swift; sourceTree = "<group>"; };
		ABC8C9971CC97E25000B94D0 /* Info.plist */ = {isa = PBXFileReference; lastKnownFileType = text.plist.xml; path = Info.plist; sourceTree = "<group>"; };
/* End PBXFileReference section */

/* Begin PBXFrameworksBuildPhase section */
		ABC8C96F1CC97E25000B94D0 /* Frameworks */ = {
			isa = PBXFrameworksBuildPhase;
			buildActionMask = 2147483647;
			files = (
			);
			runOnlyForDeploymentPostprocessing = 0;
		};
		ABC8C9831CC97E25000B94D0 /* Frameworks */ = {
			isa = PBXFrameworksBuildPhase;
			buildActionMask = 2147483647;
			files = (
			);
			runOnlyForDeploymentPostprocessing = 0;
		};
		ABC8C98E1CC97E25000B94D0 /* Frameworks */ = {
			isa = PBXFrameworksBuildPhase;
			buildActionMask = 2147483647;
			files = (
			);
			runOnlyForDeploymentPostprocessing = 0;
		};
/* End PBXFrameworksBuildPhase section */

/* Begin PBXGroup section */
		682BD4E11CF28D2800F84E58 /* TPKeyboardAvoiding */ = {
			isa = PBXGroup;
			children = (
				682BD4E21CF28D2800F84E58 /* TPKeyboardAvoidingCollectionView.h */,
				682BD4E31CF28D2800F84E58 /* TPKeyboardAvoidingCollectionView.m */,
				682BD4E41CF28D2800F84E58 /* TPKeyboardAvoidingScrollView.h */,
				682BD4E51CF28D2800F84E58 /* TPKeyboardAvoidingScrollView.m */,
				682BD4E61CF28D2800F84E58 /* TPKeyboardAvoidingTableView.h */,
				682BD4E71CF28D2800F84E58 /* TPKeyboardAvoidingTableView.m */,
				682BD4E81CF28D2800F84E58 /* UIScrollView+TPKeyboardAvoidingAdditions.h */,
				682BD4E91CF28D2800F84E58 /* UIScrollView+TPKeyboardAvoidingAdditions.m */,
			);
			path = TPKeyboardAvoiding;
			sourceTree = "<group>";
		};
		AB78AA0B1CD958F10048677C /* Spring */ = {
			isa = PBXGroup;
			children = (
				682BD4E11CF28D2800F84E58 /* TPKeyboardAvoiding */,
				AB78AA0C1CD958F10048677C /* AsyncButton.swift */,
				AB78AA0D1CD958F10048677C /* AsyncImageView.swift */,
				AB78AA0E1CD958F10048677C /* AutoTextView.swift */,
				AB78AA0F1CD958F10048677C /* BlurView.swift */,
				AB78AA101CD958F10048677C /* DesignableButton.swift */,
				AB78AA111CD958F10048677C /* DesignableImageView.swift */,
				AB78AA121CD958F10048677C /* DesignableLabel.swift */,
				AB78AA131CD958F10048677C /* DesignableTabBarController.swift */,
				AB78AA141CD958F10048677C /* DesignableTextField.swift */,
				AB78AA151CD958F10048677C /* DesignableTextView.swift */,
				AB78AA161CD958F10048677C /* DesignableView.swift */,
				AB78AA171CD958F10048677C /* ImageLoader.swift */,
				AB78AA181CD958F10048677C /* Info.plist */,
				AB78AA191CD958F10048677C /* KeyboardLayoutConstraint.swift */,
				AB78AA1A1CD958F10048677C /* LoadingView.swift */,
				AB78AA1B1CD958F10048677C /* LoadingView.xib */,
				AB78AA1C1CD958F10048677C /* Misc.swift */,
				AB78AA1D1CD958F10048677C /* SoundPlayer.swift */,
				AB78AA1E1CD958F10048677C /* Spring.h */,
				AB78AA1F1CD958F10048677C /* Spring.swift */,
				AB78AA201CD958F10048677C /* SpringAnimation.swift */,
				AB78AA211CD958F10048677C /* SpringButton.swift */,
				AB78AA221CD958F10048677C /* SpringImageView.swift */,
				AB78AA231CD958F10048677C /* SpringLabel.swift */,
				AB78AA241CD958F10048677C /* SpringTextField.swift */,
				AB78AA251CD958F10048677C /* SpringTextView.swift */,
				AB78AA261CD958F10048677C /* SpringView.swift */,
				AB78AA271CD958F10048677C /* TransitionManager.swift */,
				AB78AA281CD958F10048677C /* TransitionZoom.swift */,
				AB78AA291CD958F10048677C /* UnwindSegue.swift */,
			);
			name = Spring;
			path = ../Spring;
			sourceTree = "<group>";
		};
		ABC8C9691CC97E25000B94D0 = {
			isa = PBXGroup;
			children = (
				ABC8C9741CC97E25000B94D0 /* Clicker */,
				ABC8C9891CC97E25000B94D0 /* ClickerTests */,
				ABC8C9941CC97E25000B94D0 /* ClickerUITests */,
				ABC8C9731CC97E25000B94D0 /* Products */,
			);
			sourceTree = "<group>";
		};
		ABC8C9731CC97E25000B94D0 /* Products */ = {
			isa = PBXGroup;
			children = (
				ABC8C9721CC97E25000B94D0 /* iVote.app */,
				ABC8C9861CC97E25000B94D0 /* iVote.xctest */,
				ABC8C9911CC97E25000B94D0 /* iVote.xctest */,
			);
			name = Products;
			sourceTree = "<group>";
		};
		ABC8C9741CC97E25000B94D0 /* Clicker */ = {
			isa = PBXGroup;
			children = (
				AB78AA0B1CD958F10048677C /* Spring */,
				ABC8C9751CC97E25000B94D0 /* AppDelegate.swift */,
				ABC8C9771CC97E25000B94D0 /* ViewController.swift */,
				682BD4DF1CF28C8900F84E58 /* CreateVoteViewController.swift */,
				6815EF101CF52ABB004CE78C /* SearchingVoteViewController.swift */,
				AB94E42D1CF57096006A9A01 /* SubmitOptionViewController.swift */,
				682BD4FB1CF29DE000F84E58 /* ReceiptViewController.swift */,
				AB94E42F1CF5713D006A9A01 /* Definitions.swift */,
				AB3BBC001CF7BF8E00A2B2D2 /* VoteResultViewController.swift */,
				ABC8C9791CC97E25000B94D0 /* Main.storyboard */,
				ABC8C97C1CC97E25000B94D0 /* Assets.xcassets */,
				684C4FBB1CEE4CC70026BF99 /* LaunchScreen.storyboard */,
				ABC8C9811CC97E25000B94D0 /* Info.plist */,
			);
			path = Clicker;
			sourceTree = "<group>";
		};
		ABC8C9891CC97E25000B94D0 /* ClickerTests */ = {
			isa = PBXGroup;
			children = (
				ABC8C98A1CC97E25000B94D0 /* ClickerTests.swift */,
				ABC8C98C1CC97E25000B94D0 /* Info.plist */,
			);
			path = ClickerTests;
			sourceTree = "<group>";
		};
		ABC8C9941CC97E25000B94D0 /* ClickerUITests */ = {
			isa = PBXGroup;
			children = (
				ABC8C9951CC97E25000B94D0 /* ClickerUITests.swift */,
				ABC8C9971CC97E25000B94D0 /* Info.plist */,
			);
			path = ClickerUITests;
			sourceTree = "<group>";
		};
/* End PBXGroup section */

/* Begin PBXNativeTarget section */
		ABC8C9711CC97E25000B94D0 /* iVote */ = {
			isa = PBXNativeTarget;
			buildConfigurationList = ABC8C99A1CC97E25000B94D0 /* Build configuration list for PBXNativeTarget "iVote" */;
			buildPhases = (
				ABC8C96E1CC97E25000B94D0 /* Sources */,
				ABC8C96F1CC97E25000B94D0 /* Frameworks */,
				ABC8C9701CC97E25000B94D0 /* Resources */,
			);
			buildRules = (
			);
			dependencies = (
			);
			name = iVote;
			productName = Clicker;
			productReference = ABC8C9721CC97E25000B94D0 /* iVote.app */;
			productType = "com.apple.product-type.application";
		};
		ABC8C9851CC97E25000B94D0 /* iVoteTests */ = {
			isa = PBXNativeTarget;
			buildConfigurationList = ABC8C99D1CC97E25000B94D0 /* Build configuration list for PBXNativeTarget "iVoteTests" */;
			buildPhases = (
				ABC8C9821CC97E25000B94D0 /* Sources */,
				ABC8C9831CC97E25000B94D0 /* Frameworks */,
				ABC8C9841CC97E25000B94D0 /* Resources */,
			);
			buildRules = (
			);
			dependencies = (
				ABC8C9881CC97E25000B94D0 /* PBXTargetDependency */,
			);
			name = iVoteTests;
			productName = ClickerTests;
			productReference = ABC8C9861CC97E25000B94D0 /* iVote.xctest */;
			productType = "com.apple.product-type.bundle.unit-test";
		};
		ABC8C9901CC97E25000B94D0 /* iVoteUITests */ = {
			isa = PBXNativeTarget;
			buildConfigurationList = ABC8C9A01CC97E25000B94D0 /* Build configuration list for PBXNativeTarget "iVoteUITests" */;
			buildPhases = (
				ABC8C98D1CC97E25000B94D0 /* Sources */,
				ABC8C98E1CC97E25000B94D0 /* Frameworks */,
				ABC8C98F1CC97E25000B94D0 /* Resources */,
			);
			buildRules = (
			);
			dependencies = (
				ABC8C9931CC97E25000B94D0 /* PBXTargetDependency */,
			);
			name = iVoteUITests;
			productName = ClickerUITests;
			productReference = ABC8C9911CC97E25000B94D0 /* iVote.xctest */;
			productType = "com.apple.product-type.bundle.ui-testing";
		};
/* End PBXNativeTarget section */

/* Begin PBXProject section */
		ABC8C96A1CC97E25000B94D0 /* Project object */ = {
			isa = PBXProject;
			attributes = {
				LastSwiftUpdateCheck = 0730;
				LastUpgradeCheck = 0730;
				ORGANIZATIONNAME = "CS M117";
				TargetAttributes = {
					ABC8C9711CC97E25000B94D0 = {
						CreatedOnToolsVersion = 7.3;
						DevelopmentTeam = M2R6TER3AU;
					};
					ABC8C9851CC97E25000B94D0 = {
						CreatedOnToolsVersion = 7.3;
						TestTargetID = ABC8C9711CC97E25000B94D0;
					};
					ABC8C9901CC97E25000B94D0 = {
						CreatedOnToolsVersion = 7.3;
						TestTargetID = ABC8C9711CC97E25000B94D0;
					};
				};
			};
			buildConfigurationList = ABC8C96D1CC97E25000B94D0 /* Build configuration list for PBXProject "iVote" */;
			compatibilityVersion = "Xcode 3.2";
			developmentRegion = English;
			hasScannedForEncodings = 0;
			knownRegions = (
				en,
				Base,
			);
			mainGroup = ABC8C9691CC97E25000B94D0;
			productRefGroup = ABC8C9731CC97E25000B94D0 /* Products */;
			projectDirPath = "";
			projectRoot = "";
			targets = (
				ABC8C9711CC97E25000B94D0 /* iVote */,
				ABC8C9851CC97E25000B94D0 /* iVoteTests */,
				ABC8C9901CC97E25000B94D0 /* iVoteUITests */,
			);
		};
/* End PBXProject section */

/* Begin PBXResourcesBuildPhase section */
		ABC8C9701CC97E25000B94D0 /* Resources */ = {
			isa = PBXResourcesBuildPhase;
			buildActionMask = 2147483647;
			files = (
				AB78AA361CD958F10048677C /* Info.plist in Resources */,
				ABC8C97D1CC97E25000B94D0 /* Assets.xcassets in Resources */,
				ABC8C97B1CC97E25000B94D0 /* Main.storyboard in Resources */,
				684C4FBC1CEE4CC70026BF99 /* LaunchScreen.storyboard in Resources */,
				AB78AA391CD958F10048677C /* LoadingView.xib in Resources */,
			);
			runOnlyForDeploymentPostprocessing = 0;
		};
		ABC8C9841CC97E25000B94D0 /* Resources */ = {
			isa = PBXResourcesBuildPhase;
			buildActionMask = 2147483647;
			files = (
			);
			runOnlyForDeploymentPostprocessing = 0;
		};
		ABC8C98F1CC97E25000B94D0 /* Resources */ = {
			isa = PBXResourcesBuildPhase;
			buildActionMask = 2147483647;
			files = (
			);
			runOnlyForDeploymentPostprocessing = 0;
		};
/* End PBXResourcesBuildPhase section */

/* Begin PBXSourcesBuildPhase section */
		ABC8C96E1CC97E25000B94D0 /* Sources */ = {
			isa = PBXSourcesBuildPhase;
			buildActionMask = 2147483647;
			files = (
				AB78AA401CD958F10048677C /* SpringLabel.swift in Sources */,
				AB78AA351CD958F10048677C /* ImageLoader.swift in Sources */,
				AB78AA3A1CD958F10048677C /* Misc.swift in Sources */,
				682BD4ED1CF28D2800F84E58 /* UIScrollView+TPKeyboardAvoidingAdditions.m in Sources */,
				AB78AA2F1CD958F10048677C /* DesignableImageView.swift in Sources */,
				AB78AA3F1CD958F10048677C /* SpringImageView.swift in Sources */,
				ABC8C9781CC97E25000B94D0 /* ViewController.swift in Sources */,
				AB78AA3B1CD958F10048677C /* SoundPlayer.swift in Sources */,
				AB78AA421CD958F10048677C /* SpringTextView.swift in Sources */,
				ABC8C9761CC97E25000B94D0 /* AppDelegate.swift in Sources */,
				682BD4EB1CF28D2800F84E58 /* TPKeyboardAvoidingScrollView.m in Sources */,
				AB78AA341CD958F10048677C /* DesignableView.swift in Sources */,
				AB78AA3D1CD958F10048677C /* SpringAnimation.swift in Sources */,
				AB78AA3C1CD958F10048677C /* Spring.swift in Sources */,
				AB78AA381CD958F10048677C /* LoadingView.swift in Sources */,
				AB78AA411CD958F10048677C /* SpringTextField.swift in Sources */,
				AB78AA2E1CD958F10048677C /* DesignableButton.swift in Sources */,
				AB78AA321CD958F10048677C /* DesignableTextField.swift in Sources */,
				AB94E42E1CF57096006A9A01 /* SubmitOptionViewController.swift in Sources */,
				682BD4E01CF28C8900F84E58 /* CreateVoteViewController.swift in Sources */,
				AB78AA2A1CD958F10048677C /* AsyncButton.swift in Sources */,
				AB78AA371CD958F10048677C /* KeyboardLayoutConstraint.swift in Sources */,
				AB78AA3E1CD958F10048677C /* SpringButton.swift in Sources */,
				AB78AA2B1CD958F10048677C /* AsyncImageView.swift in Sources */,
				AB94E4301CF5713D006A9A01 /* Definitions.swift in Sources */,
				AB3BBC011CF7BF8E00A2B2D2 /* VoteResultViewController.swift in Sources */,
				AB78AA311CD958F10048677C /* DesignableTabBarController.swift in Sources */,
				AB78AA2C1CD958F10048677C /* AutoTextView.swift in Sources */,
				AB78AA331CD958F10048677C /* DesignableTextView.swift in Sources */,
				AB78AA301CD958F10048677C /* DesignableLabel.swift in Sources */,
				AB78AA461CD958F10048677C /* UnwindSegue.swift in Sources */,
				682BD4EA1CF28D2800F84E58 /* TPKeyboardAvoidingCollectionView.m in Sources */,
				AB78AA441CD958F10048677C /* TransitionManager.swift in Sources */,
				AB78AA2D1CD958F10048677C /* BlurView.swift in Sources */,
				6815EF111CF52ABB004CE78C /* SearchingVoteViewController.swift in Sources */,
				682BD4EC1CF28D2800F84E58 /* TPKeyboardAvoidingTableView.m in Sources */,
				682BD4FC1CF29DE000F84E58 /* ReceiptViewController.swift in Sources */,
				AB78AA431CD958F10048677C /* SpringView.swift in Sources */,
				AB78AA451CD958F10048677C /* TransitionZoom.swift in Sources */,
			);
			runOnlyForDeploymentPostprocessing = 0;
		};
		ABC8C9821CC97E25000B94D0 /* Sources */ = {
			isa = PBXSourcesBuildPhase;
			buildActionMask = 2147483647;
			files = (
				ABC8C98B1CC97E25000B94D0 /* ClickerTests.swift in Sources */,
			);
			runOnlyForDeploymentPostprocessing = 0;
		};
		ABC8C98D1CC97E25000B94D0 /* Sources */ = {
			isa = PBXSourcesBuildPhase;
			buildActionMask = 2147483647;
			files = (
				ABC8C9961CC97E25000B94D0 /* ClickerUITests.swift in Sources */,
			);
			runOnlyForDeploymentPostprocessing = 0;
		};
/* End PBXSourcesBuildPhase section */

/* Begin PBXTargetDependency section */
		ABC8C9881CC97E25000B94D0 /* PBXTargetDependency */ = {
			isa = PBXTargetDependency;
			target = ABC8C9711CC97E25000B94D0 /* iVote */;
			targetProxy = ABC8C9871CC97E25000B94D0 /* PBXContainerItemProxy */;
		};
		ABC8C9931CC97E25000B94D0 /* PBXTargetDependency */ = {
			isa = PBXTargetDependency;
			target = ABC8C9711CC97E25000B94D0 /* iVote */;
			targetProxy = ABC8C9921CC97E25000B94D0 /* PBXContainerItemProxy */;
		};
/* End PBXTargetDependency section */

/* Begin PBXVariantGroup section */
		ABC8C9791CC97E25000B94D0 /* Main.storyboard */ = {
			isa = PBXVariantGroup;
			children = (
				ABC8C97A1CC97E25000B94D0 /* Base */,
			);
			name = Main.storyboard;
			sourceTree = "<group>";
		};
/* End PBXVariantGroup section */

/* Begin XCBuildConfiguration section */
		ABC8C9981CC97E25000B94D0 /* Debug */ = {
			isa = XCBuildConfiguration;
			buildSettings = {
				ALWAYS_SEARCH_USER_PATHS = NO;
				CLANG_ANALYZER_NONNULL = YES;
				CLANG_CXX_LANGUAGE_STANDARD = "gnu++0x";
				CLANG_CXX_LIBRARY = "libc++";
				CLANG_ENABLE_MODULES = YES;
				CLANG_ENABLE_OBJC_ARC = YES;
				CLANG_WARN_BOOL_CONVERSION = YES;
				CLANG_WARN_CONSTANT_CONVERSION = YES;
				CLANG_WARN_DIRECT_OBJC_ISA_USAGE = YES_ERROR;
				CLANG_WARN_EMPTY_BODY = YES;
				CLANG_WARN_ENUM_CONVERSION = YES;
				CLANG_WARN_INT_CONVERSION = YES;
				CLANG_WARN_OBJC_ROOT_CLASS = YES_ERROR;
				CLANG_WARN_UNREACHABLE_CODE = YES;
				CLANG_WARN__DUPLICATE_METHOD_MATCH = YES;
				CODE_SIGN_IDENTITY = "iPhone Developer: marsakamarshall@gmail.com (6VBVJFHWHH)";
				"CODE_SIGN_IDENTITY[sdk=iphoneos*]" = "iPhone Developer";
				COPY_PHASE_STRIP = NO;
				DEBUG_INFORMATION_FORMAT = dwarf;
				ENABLE_STRICT_OBJC_MSGSEND = YES;
				ENABLE_TESTABILITY = YES;
				GCC_C_LANGUAGE_STANDARD = gnu99;
				GCC_DYNAMIC_NO_PIC = NO;
				GCC_NO_COMMON_BLOCKS = YES;
				GCC_OPTIMIZATION_LEVEL = 0;
				GCC_PREPROCESSOR_DEFINITIONS = (
					"DEBUG=1",
					"$(inherited)",
				);
				GCC_WARN_64_TO_32_BIT_CONVERSION = YES;
				GCC_WARN_ABOUT_RETURN_TYPE = YES_ERROR;
				GCC_WARN_UNDECLARED_SELECTOR = YES;
				GCC_WARN_UNINITIALIZED_AUTOS = YES_AGGRESSIVE;
				GCC_WARN_UNUSED_FUNCTION = YES;
				GCC_WARN_UNUSED_VARIABLE = YES;
				IPHONEOS_DEPLOYMENT_TARGET = 9.3;
				MTL_ENABLE_DEBUG_INFO = YES;
				ONLY_ACTIVE_ARCH = YES;
				PROVISIONING_PROFILE = "";
				SDKROOT = iphoneos;
				SWIFT_OPTIMIZATION_LEVEL = "-Onone";
				TARGETED_DEVICE_FAMILY = "1,2";
			};
			name = Debug;
		};
		ABC8C9991CC97E25000B94D0 /* Release */ = {
			isa = XCBuildConfiguration;
			buildSettings = {
				ALWAYS_SEARCH_USER_PATHS = NO;
				CLANG_ANALYZER_NONNULL = YES;
				CLANG_CXX_LANGUAGE_STANDARD = "gnu++0x";
				CLANG_CXX_LIBRARY = "libc++";
				CLANG_ENABLE_MODULES = YES;
				CLANG_ENABLE_OBJC_ARC = YES;
				CLANG_WARN_BOOL_CONVERSION = YES;
				CLANG_WARN_CONSTANT_CONVERSION = YES;
				CLANG_WARN_DIRECT_OBJC_ISA_USAGE = YES_ERROR;
				CLANG_WARN_EMPTY_BODY = YES;
				CLANG_WARN_ENUM_CONVERSION = YES;
				CLANG_WARN_INT_CONVERSION = YES;
				CLANG_WARN_OBJC_ROOT_CLASS = YES_ERROR;
				CLANG_WARN_UNREACHABLE_CODE = YES;
				CLANG_WARN__DUPLICATE_METHOD_MATCH = YES;
				CODE_SIGN_IDENTITY = "iPhone Developer: marsakamarshall@gmail.com (6VBVJFHWHH)";
				"CODE_SIGN_IDENTITY[sdk=iphoneos*]" = "iPhone Developer";
				COPY_PHASE_STRIP = NO;
				DEBUG_INFORMATION_FORMAT = "dwarf-with-dsym";
				ENABLE_NS_ASSERTIONS = NO;
				ENABLE_STRICT_OBJC_MSGSEND = YES;
				GCC_C_LANGUAGE_STANDARD = gnu99;
				GCC_NO_COMMON_BLOCKS = YES;
				GCC_WARN_64_TO_32_BIT_CONVERSION = YES;
				GCC_WARN_ABOUT_RETURN_TYPE = YES_ERROR;
				GCC_WARN_UNDECLARED_SELECTOR = YES;
				GCC_WARN_UNINITIALIZED_AUTOS = YES_AGGRESSIVE;
				GCC_WARN_UNUSED_FUNCTION = YES;
				GCC_WARN_UNUSED_VARIABLE = YES;
				IPHONEOS_DEPLOYMENT_TARGET = 9.3;
				MTL_ENABLE_DEBUG_INFO = NO;
				PROVISIONING_PROFILE = "";
				SDKROOT = iphoneos;
				TARGETED_DEVICE_FAMILY = "1,2";
				VALIDATE_PRODUCT = YES;
			};
			name = Release;
		};
		ABC8C99B1CC97E25000B94D0 /* Debug */ = {
			isa = XCBuildConfiguration;
			buildSettings = {
				ASSETCATALOG_COMPILER_APPICON_NAME = AppIcon;
				CODE_SIGN_IDENTITY = "iPhone Developer";
				"CODE_SIGN_IDENTITY[sdk=iphoneos*]" = "iPhone Developer";
				INFOPLIST_FILE = Clicker/Info.plist;
				LD_RUNPATH_SEARCH_PATHS = "$(inherited) @executable_path/Frameworks";
				PRODUCT_BUNDLE_IDENTIFIER = UCLA.Clicker0;
				PRODUCT_NAME = iVote;
				PROVISIONING_PROFILE = "";
			};
			name = Debug;
		};
		ABC8C99C1CC97E25000B94D0 /* Release */ = {
			isa = XCBuildConfiguration;
			buildSettings = {
				ASSETCATALOG_COMPILER_APPICON_NAME = AppIcon;
				CODE_SIGN_IDENTITY = "iPhone Developer";
				"CODE_SIGN_IDENTITY[sdk=iphoneos*]" = "iPhone Developer";
				INFOPLIST_FILE = Clicker/Info.plist;
				LD_RUNPATH_SEARCH_PATHS = "$(inherited) @executable_path/Frameworks";
				PRODUCT_BUNDLE_IDENTIFIER = UCLA.Clicker0;
				PRODUCT_NAME = iVote;
				PROVISIONING_PROFILE = "";
			};
			name = Release;
		};
		ABC8C99E1CC97E25000B94D0 /* Debug */ = {
			isa = XCBuildConfiguration;
			buildSettings = {
				BUNDLE_LOADER = "$(TEST_HOST)";
				INFOPLIST_FILE = ClickerTests/Info.plist;
				LD_RUNPATH_SEARCH_PATHS = "$(inherited) @executable_path/Frameworks @loader_path/Frameworks";
				PRODUCT_BUNDLE_IDENTIFIER = UCLA.ClickerTests;
				PRODUCT_NAME = iVote;
				TEST_HOST = "$(BUILT_PRODUCTS_DIR)/iVote.app/iVote";
			};
			name = Debug;
		};
		ABC8C99F1CC97E25000B94D0 /* Release */ = {
			isa = XCBuildConfiguration;
			buildSettings = {
				BUNDLE_LOADER = "$(TEST_HOST)";
				INFOPLIST_FILE = ClickerTests/Info.plist;
				LD_RUNPATH_SEARCH_PATHS = "$(inherited) @executable_path/Frameworks @loader_path/Frameworks";
				PRODUCT_BUNDLE_IDENTIFIER = UCLA.ClickerTests;
				PRODUCT_NAME = iVote;
				TEST_HOST = "$(BUILT_PRODUCTS_DIR)/iVote.app/iVote";
			};
			name = Release;
		};
		ABC8C9A11CC97E25000B94D0 /* Debug */ = {
			isa = XCBuildConfiguration;
			buildSettings = {
				INFOPLIST_FILE = ClickerUITests/Info.plist;
				LD_RUNPATH_SEARCH_PATHS = "$(inherited) @executable_path/Frameworks @loader_path/Frameworks";
				PRODUCT_BUNDLE_IDENTIFIER = UCLA.ClickerUITests;
				PRODUCT_NAME = iVote;
				TEST_TARGET_NAME = Clicker;
			};
			name = Debug;
		};
		ABC8C9A21CC97E25000B94D0 /* Release */ = {
			isa = XCBuildConfiguration;
			buildSettings = {
				INFOPLIST_FILE = ClickerUITests/Info.plist;
				LD_RUNPATH_SEARCH_PATHS = "$(inherited) @executable_path/Frameworks @loader_path/Frameworks";
				PRODUCT_BUNDLE_IDENTIFIER = UCLA.ClickerUITests;
				PRODUCT_NAME = iVote;
				TEST_TARGET_NAME = Clicker;
			};
			name = Release;
		};
/* End XCBuildConfiguration section */

/* Begin XCConfigurationList section */
		ABC8C96D1CC97E25000B94D0 /* Build configuration list for PBXProject "iVote" */ = {
			isa = XCConfigurationList;
			buildConfigurations = (
				ABC8C9981CC97E25000B94D0 /* Debug */,
				ABC8C9991CC97E25000B94D0 /* Release */,
			);
			defaultConfigurationIsVisible = 0;
			defaultConfigurationName = Release;
		};
		ABC8C99A1CC97E25000B94D0 /* Build configuration list for PBXNativeTarget "iVote" */ = {
			isa = XCConfigurationList;
			buildConfigurations = (
				ABC8C99B1CC97E25000B94D0 /* Debug */,
				ABC8C99C1CC97E25000B94D0 /* Release */,
			);
			defaultConfigurationIsVisible = 0;
			defaultConfigurationName = Release;
		};
		ABC8C99D1CC97E25000B94D0 /* Build configuration list for PBXNativeTarget "iVoteTests" */ = {
			isa = XCConfigurationList;
			buildConfigurations = (
				ABC8C99E1CC97E25000B94D0 /* Debug */,
				ABC8C99F1CC97E25000B94D0 /* Release */,
			);
			defaultConfigurationIsVisible = 0;
			defaultConfigurationName = Release;
		};
		ABC8C9A01CC97E25000B94D0 /* Build configuration list for PBXNativeTarget "iVoteUITests" */ = {
			isa = XCConfigurationList;
			buildConfigurations = (
				ABC8C9A11CC97E25000B94D0 /* Debug */,
				ABC8C9A21CC97E25000B94D0 /* Release */,
			);
			defaultConfigurationIsVisible = 0;
			defaultConfigurationName = Release;
		};
/* End XCConfigurationList section */
	};
	rootObject = ABC8C96A1CC97E25000B94D0 /* Project object */;
}
